// !$*UTF8*$!
{
	archiveVersion = 1;
	classes = {
	};
	objectVersion = 46;
	objects = {

/* Begin PBXBuildFile section */
		4B16232E17026659008F7AE2 /* Button.cpp in Sources */ = {isa = PBXBuildFile; fileRef = 4B16232C17026659008F7AE2 /* Button.cpp */; };
		4B16233217026776008F7AE2 /* ConnectScene.cpp in Sources */ = {isa = PBXBuildFile; fileRef = 4B16233017026776008F7AE2 /* ConnectScene.cpp */; };
		4B16233417030A9E008F7AE2 /* GUIObject.cpp in Sources */ = {isa = PBXBuildFile; fileRef = 4B16233317030A9E008F7AE2 /* GUIObject.cpp */; };
		4B1623361703164C008F7AE2 /* testbutton.png in Resources */ = {isa = PBXBuildFile; fileRef = 4B1623351703164C008F7AE2 /* testbutton.png */; };
		4B162339170342A4008F7AE2 /* GUIEvent.cpp in Sources */ = {isa = PBXBuildFile; fileRef = 4B162337170342A3008F7AE2 /* GUIEvent.cpp */; };
		4B3ABF481709854400491120 /* SphereCollisionComponent.cpp in Sources */ = {isa = PBXBuildFile; fileRef = 4B3ABF461709854200491120 /* SphereCollisionComponent.cpp */; };
		4B62A25016F8673400016A62 /* SubSystem.cpp in Sources */ = {isa = PBXBuildFile; fileRef = 4B62A24E16F8673400016A62 /* SubSystem.cpp */; };
		4B68153216F8A0000032EF5E /* Event.cpp in Sources */ = {isa = PBXBuildFile; fileRef = 4B68153016F89FFF0032EF5E /* Event.cpp */; };
		4B68153516F8C6C40032EF5E /* PhysicsSystem.cpp in Sources */ = {isa = PBXBuildFile; fileRef = 4B68153316F8C6C30032EF5E /* PhysicsSystem.cpp */; };
		4B68153B16F8C72B0032EF5E /* PhysicsComponent.cpp in Sources */ = {isa = PBXBuildFile; fileRef = 4B68153916F8C72B0032EF5E /* PhysicsComponent.cpp */; };
		4B6E99FB170EC8DF002F9797 /* main.cpp in Sources */ = {isa = PBXBuildFile; fileRef = 4B6E99FA170EC8DF002F9797 /* main.cpp */; };
		4B6E99FD170EC8DF002F9797 /* UnitTests.1 in CopyFiles */ = {isa = PBXBuildFile; fileRef = 4B6E99FC170EC8DF002F9797 /* UnitTests.1 */; };
		4B6E9A02170ECCD2002F9797 /* Projection.cpp in Sources */ = {isa = PBXBuildFile; fileRef = 4B3ABF431708930600491120 /* Projection.cpp */; };
		4B6E9A03170ECCD3002F9797 /* Projection.cpp in Sources */ = {isa = PBXBuildFile; fileRef = 4B3ABF431708930600491120 /* Projection.cpp */; };
		4B7C21071700B6F600C9D2A6 /* NetworkComponent.cpp in Sources */ = {isa = PBXBuildFile; fileRef = 4B7C21051700B6F600C9D2A6 /* NetworkComponent.cpp */; };
		4B900C4917004F3400D247FE /* NetworkSystem.cpp in Sources */ = {isa = PBXBuildFile; fileRef = 4B900C4717004F3400D247FE /* NetworkSystem.cpp */; };
		4BB7881516F9E3A200AC62F4 /* PlayerInputComponent.cpp in Sources */ = {isa = PBXBuildFile; fileRef = 4BB7881316F9E3A200AC62F4 /* PlayerInputComponent.cpp */; };
		4BB7881816F9E57000AC62F4 /* PlayerInputSystem.cpp in Sources */ = {isa = PBXBuildFile; fileRef = 4BB7881616F9E57000AC62F4 /* PlayerInputSystem.cpp */; };
		4BC1E0E31704DCDC007117EC /* PlayScene.cpp in Sources */ = {isa = PBXBuildFile; fileRef = 4BC1E0E11704DCDC007117EC /* PlayScene.cpp */; };
		4BC1E0E71704DDC5007117EC /* PlayerFactory.cpp in Sources */ = {isa = PBXBuildFile; fileRef = 4BC1E0E51704DDC5007117EC /* PlayerFactory.cpp */; };
		4BC1E0E91704E071007117EC /* player.png in Resources */ = {isa = PBXBuildFile; fileRef = 4BC1E0E81704E071007117EC /* player.png */; };
		4BC1E0EC1705BE9C007117EC /* CommonFactory.cpp in Sources */ = {isa = PBXBuildFile; fileRef = 4BC1E0EA1705BE9C007117EC /* CommonFactory.cpp */; };
		4BC1E0EF1705C2EB007117EC /* CameraComponent.cpp in Sources */ = {isa = PBXBuildFile; fileRef = 4BC1E0ED1705C2EB007117EC /* CameraComponent.cpp */; };
		4BC1E0F21705CA52007117EC /* CameraSystem.cpp in Sources */ = {isa = PBXBuildFile; fileRef = 4BC1E0F01705CA52007117EC /* CameraSystem.cpp */; };
		4BC1E0FD17083FE3007117EC /* BoxCollisionComponent.cpp in Sources */ = {isa = PBXBuildFile; fileRef = 4BC1E0FB17083FE1007117EC /* BoxCollisionComponent.cpp */; };
		4BC1E10017084092007117EC /* CollisionSystem.cpp in Sources */ = {isa = PBXBuildFile; fileRef = 4BC1E0FE1708408F007117EC /* CollisionSystem.cpp */; };
		4BC25A2716F86B7C00B36B1E /* RenderComponent.cpp in Sources */ = {isa = PBXBuildFile; fileRef = 4BC25A2516F86B7C00B36B1E /* RenderComponent.cpp */; };
		4BC25A2B16F86C7700B36B1E /* RenderSystem.cpp in Sources */ = {isa = PBXBuildFile; fileRef = 4BC25A2916F86C7700B36B1E /* RenderSystem.cpp */; };
		4BC25A5016F885AB00B36B1E /* TransformComponent.cpp in Sources */ = {isa = PBXBuildFile; fileRef = 4BC25A4E16F885AB00B36B1E /* TransformComponent.cpp */; };
		4BC25A5316F885F200B36B1E /* TransformSystem.cpp in Sources */ = {isa = PBXBuildFile; fileRef = 4BC25A5116F885F200B36B1E /* TransformSystem.cpp */; };
		4BDA14B016F7796700359B94 /* ResourcePath.mm in Sources */ = {isa = PBXBuildFile; fileRef = 4BDA14AF16F7796700359B94 /* ResourcePath.mm */; };
		4BDA14B316F7796700359B94 /* main.cpp in Sources */ = {isa = PBXBuildFile; fileRef = 4BDA14B216F7796700359B94 /* main.cpp */; };
		4BDA14B616F7796700359B94 /* cute_image.jpg in Resources */ = {isa = PBXBuildFile; fileRef = 4BDA14B516F7796700359B94 /* cute_image.jpg */; };
		4BDA14B816F7796700359B94 /* nice_music.ogg in Resources */ = {isa = PBXBuildFile; fileRef = 4BDA14B716F7796700359B94 /* nice_music.ogg */; };
		4BDA14BA16F7796700359B94 /* sansation.ttf in Resources */ = {isa = PBXBuildFile; fileRef = 4BDA14B916F7796700359B94 /* sansation.ttf */; };
		4BDA14BC16F7796700359B94 /* icon.png in Resources */ = {isa = PBXBuildFile; fileRef = 4BDA14BB16F7796700359B94 /* icon.png */; };
		4BDA14C516F7799A00359B94 /* Scene.cpp in Sources */ = {isa = PBXBuildFile; fileRef = 4BDA14C316F7799A00359B94 /* Scene.cpp */; };
		4BDA14C816F779C300359B94 /* Core.cpp in Sources */ = {isa = PBXBuildFile; fileRef = 4BDA14C616F779C300359B94 /* Core.cpp */; };
		4BDA14CB16F77B4600359B94 /* Component.cpp in Sources */ = {isa = PBXBuildFile; fileRef = 4BDA14C916F77B4600359B94 /* Component.cpp */; };
		4BDA14CE16F77B5900359B94 /* Entity.cpp in Sources */ = {isa = PBXBuildFile; fileRef = 4BDA14CC16F77B5900359B94 /* Entity.cpp */; };
/* End PBXBuildFile section */

/* Begin PBXCopyFilesBuildPhase section */
		4B6E99F6170EC8DF002F9797 /* CopyFiles */ = {
			isa = PBXCopyFilesBuildPhase;
			buildActionMask = 2147483647;
			dstPath = /usr/share/man/man1/;
			dstSubfolderSpec = 0;
			files = (
				4B6E99FD170EC8DF002F9797 /* UnitTests.1 in CopyFiles */,
			);
			runOnlyForDeploymentPostprocessing = 1;
		};
/* End PBXCopyFilesBuildPhase section */

/* Begin PBXFileReference section */
		4B16232917012194008F7AE2 /* INetworkableComponent.h */ = {isa = PBXFileReference; lastKnownFileType = sourcecode.c.h; path = INetworkableComponent.h; sourceTree = "<group>"; };
		4B16232B17026431008F7AE2 /* GUIObject.h */ = {isa = PBXFileReference; lastKnownFileType = sourcecode.c.h; path = GUIObject.h; sourceTree = "<group>"; };
		4B16232C17026659008F7AE2 /* Button.cpp */ = {isa = PBXFileReference; fileEncoding = 4; lastKnownFileType = sourcecode.cpp.cpp; path = Button.cpp; sourceTree = "<group>"; };
		4B16232D17026659008F7AE2 /* Button.h */ = {isa = PBXFileReference; fileEncoding = 4; lastKnownFileType = sourcecode.c.h; path = Button.h; sourceTree = "<group>"; };
		4B16233017026776008F7AE2 /* ConnectScene.cpp */ = {isa = PBXFileReference; fileEncoding = 4; lastKnownFileType = sourcecode.cpp.cpp; path = ConnectScene.cpp; sourceTree = "<group>"; };
		4B16233117026776008F7AE2 /* ConnectScene.h */ = {isa = PBXFileReference; fileEncoding = 4; lastKnownFileType = sourcecode.c.h; path = ConnectScene.h; sourceTree = "<group>"; };
		4B16233317030A9E008F7AE2 /* GUIObject.cpp */ = {isa = PBXFileReference; fileEncoding = 4; lastKnownFileType = sourcecode.cpp.cpp; path = GUIObject.cpp; sourceTree = "<group>"; };
		4B1623351703164C008F7AE2 /* testbutton.png */ = {isa = PBXFileReference; lastKnownFileType = image.png; path = testbutton.png; sourceTree = "<group>"; };
		4B162337170342A3008F7AE2 /* GUIEvent.cpp */ = {isa = PBXFileReference; fileEncoding = 4; lastKnownFileType = sourcecode.cpp.cpp; path = GUIEvent.cpp; sourceTree = "<group>"; };
		4B162338170342A3008F7AE2 /* GUIEvent.h */ = {isa = PBXFileReference; fileEncoding = 4; lastKnownFileType = sourcecode.c.h; path = GUIEvent.h; sourceTree = "<group>"; };
		4B16233B17034455008F7AE2 /* GUIObserver.h */ = {isa = PBXFileReference; fileEncoding = 4; lastKnownFileType = sourcecode.c.h; path = GUIObserver.h; sourceTree = "<group>"; };
		4B3ABF3E17086F6C00491120 /* IntersectionTests.h */ = {isa = PBXFileReference; lastKnownFileType = sourcecode.c.h; path = IntersectionTests.h; sourceTree = "<group>"; };
		4B3ABF431708930600491120 /* Projection.cpp */ = {isa = PBXFileReference; fileEncoding = 4; lastKnownFileType = sourcecode.cpp.cpp; path = Projection.cpp; sourceTree = "<group>"; };
		4B3ABF441708930600491120 /* Projection.h */ = {isa = PBXFileReference; fileEncoding = 4; lastKnownFileType = sourcecode.c.h; path = Projection.h; sourceTree = "<group>"; };
		4B3ABF461709854200491120 /* SphereCollisionComponent.cpp */ = {isa = PBXFileReference; fileEncoding = 4; lastKnownFileType = sourcecode.cpp.cpp; path = SphereCollisionComponent.cpp; sourceTree = "<group>"; };
		4B3ABF471709854300491120 /* SphereCollisionComponent.h */ = {isa = PBXFileReference; fileEncoding = 4; lastKnownFileType = sourcecode.c.h; path = SphereCollisionComponent.h; sourceTree = "<group>"; };
		4B62A24E16F8673400016A62 /* SubSystem.cpp */ = {isa = PBXFileReference; fileEncoding = 4; lastKnownFileType = sourcecode.cpp.cpp; path = SubSystem.cpp; sourceTree = "<group>"; };
		4B62A24F16F8673400016A62 /* SubSystem.h */ = {isa = PBXFileReference; fileEncoding = 4; lastKnownFileType = sourcecode.c.h; path = SubSystem.h; sourceTree = "<group>"; };
		4B68152F16F89C7C0032EF5E /* ComponentType.h */ = {isa = PBXFileReference; lastKnownFileType = sourcecode.c.h; path = ComponentType.h; sourceTree = "<group>"; };
		4B68153016F89FFF0032EF5E /* Event.cpp */ = {isa = PBXFileReference; fileEncoding = 4; lastKnownFileType = sourcecode.cpp.cpp; path = Event.cpp; sourceTree = "<group>"; };
		4B68153116F89FFF0032EF5E /* Event.h */ = {isa = PBXFileReference; fileEncoding = 4; lastKnownFileType = sourcecode.c.h; path = Event.h; sourceTree = "<group>"; };
		4B68153316F8C6C30032EF5E /* PhysicsSystem.cpp */ = {isa = PBXFileReference; fileEncoding = 4; lastKnownFileType = sourcecode.cpp.cpp; path = PhysicsSystem.cpp; sourceTree = "<group>"; };
		4B68153416F8C6C30032EF5E /* PhysicsSystem.h */ = {isa = PBXFileReference; fileEncoding = 4; lastKnownFileType = sourcecode.c.h; path = PhysicsSystem.h; sourceTree = "<group>"; };
		4B68153916F8C72B0032EF5E /* PhysicsComponent.cpp */ = {isa = PBXFileReference; fileEncoding = 4; lastKnownFileType = sourcecode.cpp.cpp; path = PhysicsComponent.cpp; sourceTree = "<group>"; };
		4B68153A16F8C72B0032EF5E /* PhysicsComponent.h */ = {isa = PBXFileReference; fileEncoding = 4; lastKnownFileType = sourcecode.c.h; path = PhysicsComponent.h; sourceTree = "<group>"; };
		4B6E99F8170EC8DF002F9797 /* UnitTests */ = {isa = PBXFileReference; explicitFileType = "compiled.mach-o.executable"; includeInIndex = 0; path = UnitTests; sourceTree = BUILT_PRODUCTS_DIR; };
		4B6E99FA170EC8DF002F9797 /* main.cpp */ = {isa = PBXFileReference; lastKnownFileType = sourcecode.cpp.cpp; path = main.cpp; sourceTree = "<group>"; };
		4B6E99FC170EC8DF002F9797 /* UnitTests.1 */ = {isa = PBXFileReference; lastKnownFileType = text.man; path = UnitTests.1; sourceTree = "<group>"; };
		4B6E9A01170EC8F7002F9797 /* catch.hpp */ = {isa = PBXFileReference; fileEncoding = 4; lastKnownFileType = sourcecode.cpp.h; path = catch.hpp; sourceTree = "<group>"; };
		4B7C21051700B6F600C9D2A6 /* NetworkComponent.cpp */ = {isa = PBXFileReference; fileEncoding = 4; lastKnownFileType = sourcecode.cpp.cpp; path = NetworkComponent.cpp; sourceTree = "<group>"; };
		4B7C21061700B6F600C9D2A6 /* NetworkComponent.h */ = {isa = PBXFileReference; fileEncoding = 4; lastKnownFileType = sourcecode.c.h; path = NetworkComponent.h; sourceTree = "<group>"; };
		4B8C6FCF170EC4290005D9BA /* SenTestingKit.framework */ = {isa = PBXFileReference; lastKnownFileType = wrapper.framework; name = SenTestingKit.framework; path = Library/Frameworks/SenTestingKit.framework; sourceTree = DEVELOPER_DIR; };
		4B8C6FD1170EC4290005D9BA /* Cocoa.framework */ = {isa = PBXFileReference; lastKnownFileType = wrapper.framework; name = Cocoa.framework; path = Library/Frameworks/Cocoa.framework; sourceTree = DEVELOPER_DIR; };
		4B8C6FD4170EC4290005D9BA /* AppKit.framework */ = {isa = PBXFileReference; lastKnownFileType = wrapper.framework; name = AppKit.framework; path = Library/Frameworks/AppKit.framework; sourceTree = SDKROOT; };
		4B8C6FD5170EC4290005D9BA /* CoreData.framework */ = {isa = PBXFileReference; lastKnownFileType = wrapper.framework; name = CoreData.framework; path = Library/Frameworks/CoreData.framework; sourceTree = SDKROOT; };
		4B8C6FD6170EC4290005D9BA /* Foundation.framework */ = {isa = PBXFileReference; lastKnownFileType = wrapper.framework; name = Foundation.framework; path = Library/Frameworks/Foundation.framework; sourceTree = SDKROOT; };
		4B900C4717004F3400D247FE /* NetworkSystem.cpp */ = {isa = PBXFileReference; fileEncoding = 4; lastKnownFileType = sourcecode.cpp.cpp; path = NetworkSystem.cpp; sourceTree = "<group>"; };
		4B900C4817004F3400D247FE /* NetworkSystem.h */ = {isa = PBXFileReference; fileEncoding = 4; lastKnownFileType = sourcecode.c.h; path = NetworkSystem.h; sourceTree = "<group>"; };
		4BB7881316F9E3A200AC62F4 /* PlayerInputComponent.cpp */ = {isa = PBXFileReference; fileEncoding = 4; lastKnownFileType = sourcecode.cpp.cpp; path = PlayerInputComponent.cpp; sourceTree = "<group>"; };
		4BB7881416F9E3A200AC62F4 /* PlayerInputComponent.h */ = {isa = PBXFileReference; fileEncoding = 4; lastKnownFileType = sourcecode.c.h; path = PlayerInputComponent.h; sourceTree = "<group>"; };
		4BB7881616F9E57000AC62F4 /* PlayerInputSystem.cpp */ = {isa = PBXFileReference; fileEncoding = 4; lastKnownFileType = sourcecode.cpp.cpp; path = PlayerInputSystem.cpp; sourceTree = "<group>"; };
		4BB7881716F9E57000AC62F4 /* PlayerInputSystem.h */ = {isa = PBXFileReference; fileEncoding = 4; lastKnownFileType = sourcecode.c.h; path = PlayerInputSystem.h; sourceTree = "<group>"; };
		4BC1E0E11704DCDC007117EC /* PlayScene.cpp */ = {isa = PBXFileReference; fileEncoding = 4; lastKnownFileType = sourcecode.cpp.cpp; path = PlayScene.cpp; sourceTree = "<group>"; };
		4BC1E0E21704DCDC007117EC /* PlayScene.h */ = {isa = PBXFileReference; fileEncoding = 4; lastKnownFileType = sourcecode.c.h; path = PlayScene.h; sourceTree = "<group>"; };
		4BC1E0E51704DDC5007117EC /* PlayerFactory.cpp */ = {isa = PBXFileReference; fileEncoding = 4; lastKnownFileType = sourcecode.cpp.cpp; path = PlayerFactory.cpp; sourceTree = "<group>"; };
		4BC1E0E61704DDC5007117EC /* PlayerFactory.h */ = {isa = PBXFileReference; fileEncoding = 4; lastKnownFileType = sourcecode.c.h; path = PlayerFactory.h; sourceTree = "<group>"; };
		4BC1E0E81704E071007117EC /* player.png */ = {isa = PBXFileReference; lastKnownFileType = image.png; path = player.png; sourceTree = "<group>"; };
		4BC1E0EA1705BE9C007117EC /* CommonFactory.cpp */ = {isa = PBXFileReference; fileEncoding = 4; lastKnownFileType = sourcecode.cpp.cpp; path = CommonFactory.cpp; sourceTree = "<group>"; };
		4BC1E0EB1705BE9C007117EC /* CommonFactory.h */ = {isa = PBXFileReference; fileEncoding = 4; lastKnownFileType = sourcecode.c.h; path = CommonFactory.h; sourceTree = "<group>"; };
		4BC1E0ED1705C2EB007117EC /* CameraComponent.cpp */ = {isa = PBXFileReference; fileEncoding = 4; lastKnownFileType = sourcecode.cpp.cpp; path = CameraComponent.cpp; sourceTree = "<group>"; };
		4BC1E0EE1705C2EB007117EC /* CameraComponent.h */ = {isa = PBXFileReference; fileEncoding = 4; lastKnownFileType = sourcecode.c.h; path = CameraComponent.h; sourceTree = "<group>"; };
		4BC1E0F01705CA52007117EC /* CameraSystem.cpp */ = {isa = PBXFileReference; fileEncoding = 4; lastKnownFileType = sourcecode.cpp.cpp; path = CameraSystem.cpp; sourceTree = "<group>"; };
		4BC1E0F11705CA52007117EC /* CameraSystem.h */ = {isa = PBXFileReference; fileEncoding = 4; lastKnownFileType = sourcecode.c.h; path = CameraSystem.h; sourceTree = "<group>"; };
		4BC1E0F517073772007117EC /* VectorUtil.h */ = {isa = PBXFileReference; fileEncoding = 4; lastKnownFileType = sourcecode.c.h; path = VectorUtil.h; sourceTree = "<group>"; };
		4BC1E0F817073B5B007117EC /* CommonUtil.h */ = {isa = PBXFileReference; fileEncoding = 4; lastKnownFileType = sourcecode.c.h; path = CommonUtil.h; sourceTree = "<group>"; };
		4BC1E0FA170830A0007117EC /* EasingUtil.h */ = {isa = PBXFileReference; lastKnownFileType = sourcecode.c.h; path = EasingUtil.h; sourceTree = "<group>"; };
		4BC1E0FB17083FE1007117EC /* BoxCollisionComponent.cpp */ = {isa = PBXFileReference; fileEncoding = 4; lastKnownFileType = sourcecode.cpp.cpp; path = BoxCollisionComponent.cpp; sourceTree = "<group>"; };
		4BC1E0FC17083FE2007117EC /* BoxCollisionComponent.h */ = {isa = PBXFileReference; fileEncoding = 4; lastKnownFileType = sourcecode.c.h; path = BoxCollisionComponent.h; sourceTree = "<group>"; };
		4BC1E0FE1708408F007117EC /* CollisionSystem.cpp */ = {isa = PBXFileReference; fileEncoding = 4; lastKnownFileType = sourcecode.cpp.cpp; path = CollisionSystem.cpp; sourceTree = "<group>"; };
		4BC1E0FF17084091007117EC /* CollisionSystem.h */ = {isa = PBXFileReference; fileEncoding = 4; lastKnownFileType = sourcecode.c.h; path = CollisionSystem.h; sourceTree = "<group>"; };
		4BC1E10217085492007117EC /* StructureFactory.h */ = {isa = PBXFileReference; fileEncoding = 4; lastKnownFileType = sourcecode.c.h; path = StructureFactory.h; sourceTree = "<group>"; };
		4BC1E10517086015007117EC /* Contact.h */ = {isa = PBXFileReference; lastKnownFileType = sourcecode.c.h; path = Contact.h; sourceTree = "<group>"; };
		4BC25A2516F86B7C00B36B1E /* RenderComponent.cpp */ = {isa = PBXFileReference; fileEncoding = 4; lastKnownFileType = sourcecode.cpp.cpp; path = RenderComponent.cpp; sourceTree = "<group>"; };
		4BC25A2616F86B7C00B36B1E /* RenderComponent.h */ = {isa = PBXFileReference; fileEncoding = 4; lastKnownFileType = sourcecode.c.h; path = RenderComponent.h; sourceTree = "<group>"; };
		4BC25A2916F86C7700B36B1E /* RenderSystem.cpp */ = {isa = PBXFileReference; fileEncoding = 4; lastKnownFileType = sourcecode.cpp.cpp; path = RenderSystem.cpp; sourceTree = "<group>"; };
		4BC25A2A16F86C7700B36B1E /* RenderSystem.h */ = {isa = PBXFileReference; fileEncoding = 4; lastKnownFileType = sourcecode.c.h; path = RenderSystem.h; sourceTree = "<group>"; };
		4BC25A4E16F885AB00B36B1E /* TransformComponent.cpp */ = {isa = PBXFileReference; fileEncoding = 4; lastKnownFileType = sourcecode.cpp.cpp; path = TransformComponent.cpp; sourceTree = "<group>"; };
		4BC25A4F16F885AB00B36B1E /* TransformComponent.h */ = {isa = PBXFileReference; fileEncoding = 4; lastKnownFileType = sourcecode.c.h; path = TransformComponent.h; sourceTree = "<group>"; };
		4BC25A5116F885F200B36B1E /* TransformSystem.cpp */ = {isa = PBXFileReference; fileEncoding = 4; lastKnownFileType = sourcecode.cpp.cpp; path = TransformSystem.cpp; sourceTree = "<group>"; };
		4BC25A5216F885F200B36B1E /* TransformSystem.h */ = {isa = PBXFileReference; fileEncoding = 4; lastKnownFileType = sourcecode.c.h; path = TransformSystem.h; sourceTree = "<group>"; };
		4BDA14AA16F7796700359B94 /* Island.app */ = {isa = PBXFileReference; explicitFileType = wrapper.application; includeInIndex = 0; path = Island.app; sourceTree = BUILT_PRODUCTS_DIR; };
		4BDA14AE16F7796700359B94 /* Island-Info.plist */ = {isa = PBXFileReference; lastKnownFileType = text.plist.xml; path = "Island-Info.plist"; sourceTree = "<group>"; };
		4BDA14AF16F7796700359B94 /* ResourcePath.mm */ = {isa = PBXFileReference; lastKnownFileType = sourcecode.cpp.objcpp; path = ResourcePath.mm; sourceTree = "<group>"; };
		4BDA14B116F7796700359B94 /* ResourcePath.hpp */ = {isa = PBXFileReference; lastKnownFileType = sourcecode.cpp.h; path = ResourcePath.hpp; sourceTree = "<group>"; };
		4BDA14B216F7796700359B94 /* main.cpp */ = {isa = PBXFileReference; lastKnownFileType = sourcecode.cpp.cpp; path = main.cpp; sourceTree = "<group>"; };
		4BDA14B516F7796700359B94 /* cute_image.jpg */ = {isa = PBXFileReference; lastKnownFileType = image.jpeg; path = cute_image.jpg; sourceTree = "<group>"; };
		4BDA14B716F7796700359B94 /* nice_music.ogg */ = {isa = PBXFileReference; lastKnownFileType = file; path = nice_music.ogg; sourceTree = "<group>"; };
		4BDA14B916F7796700359B94 /* sansation.ttf */ = {isa = PBXFileReference; lastKnownFileType = file; path = sansation.ttf; sourceTree = "<group>"; };
		4BDA14BB16F7796700359B94 /* icon.png */ = {isa = PBXFileReference; lastKnownFileType = image.png; path = icon.png; sourceTree = "<group>"; };
		4BDA14C316F7799A00359B94 /* Scene.cpp */ = {isa = PBXFileReference; fileEncoding = 4; lastKnownFileType = sourcecode.cpp.cpp; path = Scene.cpp; sourceTree = "<group>"; };
		4BDA14C416F7799A00359B94 /* Scene.h */ = {isa = PBXFileReference; fileEncoding = 4; lastKnownFileType = sourcecode.c.h; path = Scene.h; sourceTree = "<group>"; };
		4BDA14C616F779C300359B94 /* Core.cpp */ = {isa = PBXFileReference; fileEncoding = 4; lastKnownFileType = sourcecode.cpp.cpp; path = Core.cpp; sourceTree = "<group>"; };
		4BDA14C716F779C300359B94 /* Core.h */ = {isa = PBXFileReference; fileEncoding = 4; lastKnownFileType = sourcecode.c.h; path = Core.h; sourceTree = "<group>"; };
		4BDA14C916F77B4600359B94 /* Component.cpp */ = {isa = PBXFileReference; fileEncoding = 4; lastKnownFileType = sourcecode.cpp.cpp; path = Component.cpp; sourceTree = "<group>"; };
		4BDA14CA16F77B4600359B94 /* Component.h */ = {isa = PBXFileReference; fileEncoding = 4; lastKnownFileType = sourcecode.c.h; path = Component.h; sourceTree = "<group>"; };
		4BDA14CC16F77B5900359B94 /* Entity.cpp */ = {isa = PBXFileReference; fileEncoding = 4; lastKnownFileType = sourcecode.cpp.cpp; path = Entity.cpp; sourceTree = "<group>"; };
		4BDA14CD16F77B5900359B94 /* Entity.h */ = {isa = PBXFileReference; fileEncoding = 4; lastKnownFileType = sourcecode.c.h; path = Entity.h; sourceTree = "<group>"; };
		4BEEDE71170990A5004C4C61 /* ICollisionComponent.h */ = {isa = PBXFileReference; fileEncoding = 4; lastKnownFileType = sourcecode.c.h; path = ICollisionComponent.h; sourceTree = "<group>"; };
/* End PBXFileReference section */

/* Begin PBXFrameworksBuildPhase section */
		4B6E99F5170EC8DF002F9797 /* Frameworks */ = {
			isa = PBXFrameworksBuildPhase;
			buildActionMask = 2147483647;
			files = (
			);
			runOnlyForDeploymentPostprocessing = 0;
		};
		4BDA14A616F7796700359B94 /* Frameworks */ = {
			isa = PBXFrameworksBuildPhase;
			buildActionMask = 2147483647;
			files = (
			);
			runOnlyForDeploymentPostprocessing = 0;
		};
/* End PBXFrameworksBuildPhase section */

/* Begin PBXGroup section */
		4B16232A170263DA008F7AE2 /* GUI */ = {
			isa = PBXGroup;
			children = (
				4B16233317030A9E008F7AE2 /* GUIObject.cpp */,
				4B16232B17026431008F7AE2 /* GUIObject.h */,
				4B16232C17026659008F7AE2 /* Button.cpp */,
				4B16232D17026659008F7AE2 /* Button.h */,
				4B162337170342A3008F7AE2 /* GUIEvent.cpp */,
				4B162338170342A3008F7AE2 /* GUIEvent.h */,
				4B16233B17034455008F7AE2 /* GUIObserver.h */,
			);
			path = GUI;
			sourceTree = "<group>";
		};
		4B16232F17026765008F7AE2 /* Scenes */ = {
			isa = PBXGroup;
			children = (
				4BDA14C416F7799A00359B94 /* Scene.h */,
				4BDA14C316F7799A00359B94 /* Scene.cpp */,
				4B16233017026776008F7AE2 /* ConnectScene.cpp */,
				4B16233117026776008F7AE2 /* ConnectScene.h */,
				4BC1E0E11704DCDC007117EC /* PlayScene.cpp */,
				4BC1E0E21704DCDC007117EC /* PlayScene.h */,
			);
			path = Scenes;
			sourceTree = "<group>";
		};
		4B62A25416F868DD00016A62 /* Components */ = {
			isa = PBXGroup;
			children = (
				4BDA14C916F77B4600359B94 /* Component.cpp */,
				4BDA14CA16F77B4600359B94 /* Component.h */,
				4B68152F16F89C7C0032EF5E /* ComponentType.h */,
				4BC25A2516F86B7C00B36B1E /* RenderComponent.cpp */,
				4BC25A2616F86B7C00B36B1E /* RenderComponent.h */,
				4BC25A4E16F885AB00B36B1E /* TransformComponent.cpp */,
				4BC25A4F16F885AB00B36B1E /* TransformComponent.h */,
				4B68153916F8C72B0032EF5E /* PhysicsComponent.cpp */,
				4B68153A16F8C72B0032EF5E /* PhysicsComponent.h */,
				4BB7881316F9E3A200AC62F4 /* PlayerInputComponent.cpp */,
				4BB7881416F9E3A200AC62F4 /* PlayerInputComponent.h */,
				4B7C21051700B6F600C9D2A6 /* NetworkComponent.cpp */,
				4B7C21061700B6F600C9D2A6 /* NetworkComponent.h */,
				4BC1E0ED1705C2EB007117EC /* CameraComponent.cpp */,
				4BC1E0EE1705C2EB007117EC /* CameraComponent.h */,
				4BC1E0FB17083FE1007117EC /* BoxCollisionComponent.cpp */,
				4BC1E0FC17083FE2007117EC /* BoxCollisionComponent.h */,
				4B3ABF461709854200491120 /* SphereCollisionComponent.cpp */,
				4B3ABF471709854300491120 /* SphereCollisionComponent.h */,
			);
			path = Components;
			sourceTree = "<group>";
		};
		4B68153C16F8DC9C0032EF5E /* src */ = {
			isa = PBXGroup;
			children = (
				4BC1E10417085FFB007117EC /* Collisions */,
				4BC1E0F317073762007117EC /* Utils */,
				4BC1E0E41704DD9C007117EC /* Factories */,
				4B16232F17026765008F7AE2 /* Scenes */,
				4B16232A170263DA008F7AE2 /* GUI */,
				4B7C21081700CF3D00C9D2A6 /* Network */,
				4BC25A5416F88AD600B36B1E /* Events */,
				4BC25A2816F86C6C00B36B1E /* SubSystems */,
				4B62A25416F868DD00016A62 /* Components */,
				4BDA14AF16F7796700359B94 /* ResourcePath.mm */,
				4BDA14B116F7796700359B94 /* ResourcePath.hpp */,
				4BDA14B216F7796700359B94 /* main.cpp */,
				4BDA14C616F779C300359B94 /* Core.cpp */,
				4BDA14C716F779C300359B94 /* Core.h */,
				4BDA14CC16F77B5900359B94 /* Entity.cpp */,
				4BDA14CD16F77B5900359B94 /* Entity.h */,
			);
			path = src;
			sourceTree = "<group>";
		};
		4B6E99F9170EC8DF002F9797 /* UnitTests */ = {
			isa = PBXGroup;
			children = (
				4B6E9A01170EC8F7002F9797 /* catch.hpp */,
				4B6E99FA170EC8DF002F9797 /* main.cpp */,
				4B6E99FC170EC8DF002F9797 /* UnitTests.1 */,
			);
			path = UnitTests;
			sourceTree = "<group>";
		};
		4B7C21081700CF3D00C9D2A6 /* Network */ = {
			isa = PBXGroup;
			children = (
				4B16232917012194008F7AE2 /* INetworkableComponent.h */,
			);
			path = Network;
			sourceTree = "<group>";
		};
		4B8C6FCE170EC4290005D9BA /* Frameworks */ = {
			isa = PBXGroup;
			children = (
				4B8C6FCF170EC4290005D9BA /* SenTestingKit.framework */,
				4B8C6FD1170EC4290005D9BA /* Cocoa.framework */,
				4B8C6FD3170EC4290005D9BA /* Other Frameworks */,
			);
			name = Frameworks;
			sourceTree = "<group>";
		};
		4B8C6FD3170EC4290005D9BA /* Other Frameworks */ = {
			isa = PBXGroup;
			children = (
				4B8C6FD4170EC4290005D9BA /* AppKit.framework */,
				4B8C6FD5170EC4290005D9BA /* CoreData.framework */,
				4B8C6FD6170EC4290005D9BA /* Foundation.framework */,
			);
			name = "Other Frameworks";
			sourceTree = "<group>";
		};
		4BC1E0E41704DD9C007117EC /* Factories */ = {
			isa = PBXGroup;
			children = (
				4BC1E0E51704DDC5007117EC /* PlayerFactory.cpp */,
				4BC1E0E61704DDC5007117EC /* PlayerFactory.h */,
				4BC1E0EA1705BE9C007117EC /* CommonFactory.cpp */,
				4BC1E0EB1705BE9C007117EC /* CommonFactory.h */,
				4BC1E10217085492007117EC /* StructureFactory.h */,
			);
			path = Factories;
			sourceTree = "<group>";
		};
		4BC1E0F317073762007117EC /* Utils */ = {
			isa = PBXGroup;
			children = (
				4BC1E0F517073772007117EC /* VectorUtil.h */,
				4BC1E0F817073B5B007117EC /* CommonUtil.h */,
				4BC1E0FA170830A0007117EC /* EasingUtil.h */,
			);
			path = Utils;
			sourceTree = "<group>";
		};
		4BC1E10417085FFB007117EC /* Collisions */ = {
			isa = PBXGroup;
			children = (
				4BC1E10517086015007117EC /* Contact.h */,
				4B3ABF3E17086F6C00491120 /* IntersectionTests.h */,
				4B3ABF431708930600491120 /* Projection.cpp */,
				4B3ABF441708930600491120 /* Projection.h */,
				4BEEDE71170990A5004C4C61 /* ICollisionComponent.h */,
			);
			path = Collisions;
			sourceTree = "<group>";
		};
		4BC25A2816F86C6C00B36B1E /* SubSystems */ = {
			isa = PBXGroup;
			children = (
				4B62A24E16F8673400016A62 /* SubSystem.cpp */,
				4B62A24F16F8673400016A62 /* SubSystem.h */,
				4BC25A2916F86C7700B36B1E /* RenderSystem.cpp */,
				4BC25A2A16F86C7700B36B1E /* RenderSystem.h */,
				4BC25A5116F885F200B36B1E /* TransformSystem.cpp */,
				4BC25A5216F885F200B36B1E /* TransformSystem.h */,
				4B68153316F8C6C30032EF5E /* PhysicsSystem.cpp */,
				4B68153416F8C6C30032EF5E /* PhysicsSystem.h */,
				4BB7881616F9E57000AC62F4 /* PlayerInputSystem.cpp */,
				4BB7881716F9E57000AC62F4 /* PlayerInputSystem.h */,
				4B900C4717004F3400D247FE /* NetworkSystem.cpp */,
				4B900C4817004F3400D247FE /* NetworkSystem.h */,
				4BC1E0F01705CA52007117EC /* CameraSystem.cpp */,
				4BC1E0F11705CA52007117EC /* CameraSystem.h */,
				4BC1E0FE1708408F007117EC /* CollisionSystem.cpp */,
				4BC1E0FF17084091007117EC /* CollisionSystem.h */,
			);
			path = SubSystems;
			sourceTree = "<group>";
		};
		4BC25A5416F88AD600B36B1E /* Events */ = {
			isa = PBXGroup;
			children = (
				4B68153016F89FFF0032EF5E /* Event.cpp */,
				4B68153116F89FFF0032EF5E /* Event.h */,
			);
			path = Events;
			sourceTree = "<group>";
		};
		4BDA14A016F7796700359B94 = {
			isa = PBXGroup;
			children = (
				4BDA14AC16F7796700359B94 /* Island */,
				4B6E99F9170EC8DF002F9797 /* UnitTests */,
				4B8C6FCE170EC4290005D9BA /* Frameworks */,
				4BDA14AB16F7796700359B94 /* Products */,
			);
			sourceTree = "<group>";
		};
		4BDA14AB16F7796700359B94 /* Products */ = {
			isa = PBXGroup;
			children = (
				4BDA14AA16F7796700359B94 /* Island.app */,
				4B6E99F8170EC8DF002F9797 /* UnitTests */,
			);
			name = Products;
			sourceTree = "<group>";
		};
		4BDA14AC16F7796700359B94 /* Island */ = {
			isa = PBXGroup;
			children = (
				4BDA14AD16F7796700359B94 /* OSX */,
				4B68153C16F8DC9C0032EF5E /* src */,
				4BDA14B416F7796700359B94 /* assets */,
			);
			path = Island;
			sourceTree = "<group>";
		};
		4BDA14AD16F7796700359B94 /* OSX */ = {
			isa = PBXGroup;
			children = (
				4BDA14AE16F7796700359B94 /* Island-Info.plist */,
			);
			path = OSX;
			sourceTree = "<group>";
		};
		4BDA14B416F7796700359B94 /* assets */ = {
			isa = PBXGroup;
			children = (
				4BC1E0E81704E071007117EC /* player.png */,
				4B1623351703164C008F7AE2 /* testbutton.png */,
				4BDA14B516F7796700359B94 /* cute_image.jpg */,
				4BDA14B716F7796700359B94 /* nice_music.ogg */,
				4BDA14B916F7796700359B94 /* sansation.ttf */,
				4BDA14BB16F7796700359B94 /* icon.png */,
			);
			path = assets;
			sourceTree = "<group>";
		};
/* End PBXGroup section */

/* Begin PBXNativeTarget section */
		4B6E99F7170EC8DF002F9797 /* UnitTests */ = {
			isa = PBXNativeTarget;
			buildConfigurationList = 4B6E9A00170EC8DF002F9797 /* Build configuration list for PBXNativeTarget "UnitTests" */;
			buildPhases = (
				4B6E99F4170EC8DF002F9797 /* Sources */,
				4B6E99F5170EC8DF002F9797 /* Frameworks */,
				4B6E99F6170EC8DF002F9797 /* CopyFiles */,
			);
			buildRules = (
			);
			dependencies = (
			);
			name = UnitTests;
			productName = UnitTests;
			productReference = 4B6E99F8170EC8DF002F9797 /* UnitTests */;
			productType = "com.apple.product-type.tool";
		};
		4BDA14A916F7796700359B94 /* Island */ = {
			isa = PBXNativeTarget;
			buildConfigurationList = 4BDA14BF16F7796700359B94 /* Build configuration list for PBXNativeTarget "Island" */;
			buildPhases = (
				4BDA14A516F7796700359B94 /* Sources */,
				4BDA14A616F7796700359B94 /* Frameworks */,
				4BDA14A716F7796700359B94 /* Resources */,
				4BDA14A816F7796700359B94 /* ShellScript */,
			);
			buildRules = (
			);
			dependencies = (
			);
			name = Island;
			productName = Island;
			productReference = 4BDA14AA16F7796700359B94 /* Island.app */;
			productType = "com.apple.product-type.application";
		};
/* End PBXNativeTarget section */

/* Begin PBXProject section */
		4BDA14A116F7796700359B94 /* Project object */ = {
			isa = PBXProject;
			attributes = {
				LastUpgradeCheck = 0460;
				ORGANIZATIONNAME = "Bas Roding";
			};
			buildConfigurationList = 4BDA14A416F7796700359B94 /* Build configuration list for PBXProject "Island" */;
			compatibilityVersion = "Xcode 3.2";
			developmentRegion = English;
			hasScannedForEncodings = 0;
			knownRegions = (
				en,
			);
			mainGroup = 4BDA14A016F7796700359B94;
			productRefGroup = 4BDA14AB16F7796700359B94 /* Products */;
			projectDirPath = "";
			projectRoot = "";
			targets = (
				4BDA14A916F7796700359B94 /* Island */,
				4B6E99F7170EC8DF002F9797 /* UnitTests */,
			);
		};
/* End PBXProject section */

/* Begin PBXResourcesBuildPhase section */
		4BDA14A716F7796700359B94 /* Resources */ = {
			isa = PBXResourcesBuildPhase;
			buildActionMask = 2147483647;
			files = (
				4BDA14B616F7796700359B94 /* cute_image.jpg in Resources */,
				4BDA14B816F7796700359B94 /* nice_music.ogg in Resources */,
				4BDA14BA16F7796700359B94 /* sansation.ttf in Resources */,
				4BDA14BC16F7796700359B94 /* icon.png in Resources */,
				4B1623361703164C008F7AE2 /* testbutton.png in Resources */,
				4BC1E0E91704E071007117EC /* player.png in Resources */,
			);
			runOnlyForDeploymentPostprocessing = 0;
		};
/* End PBXResourcesBuildPhase section */

/* Begin PBXShellScriptBuildPhase section */
		4BDA14A816F7796700359B94 /* ShellScript */ = {
			isa = PBXShellScriptBuildPhase;
			buildActionMask = 2147483647;
			files = (
			);
			inputPaths = (
			);
			outputPaths = (
			);
			runOnlyForDeploymentPostprocessing = 0;
			shellPath = /bin/sh;
			shellScript = "# This shell script simply copies required sfml dylibs/frameworks into the application bundle frameworks folder.\n# If you're using static libraries (which is not recommended) you should remove this script from your project.\n\n# Are we building a project that uses framework or dylibs ?\ncase \"$SFML_BINARY_TYPE\" in\n    DYLIBS)\n        frameworks=\"false\"\n        ;;\n    *)\n        frameworks=\"true\"\n        ;;\nesac\n\n# Echoes to stderr\nerror () # $* message to display\n{\n    echo $* 1>&2\n    exit 2\n}\n\nassert () # $1 is a boolean, $2...N is an error message\n{\n    if [ $# -lt 2 ]\n    then\n        error \"Internal error in assert : not enough args\"\n    fi\n\n    if [ $1 -ne 0 ]\n    then\n        shift\n        error \"$*\"\n    fi\n}\n\nforce_remove () # $1 is a path\n{\n    test $# -eq 1\n    assert $? \"force_remove() requires one parameter\"\n    rm -fr \"$1\"\n    assert $? \"couldn't remove $1\"\n}\n\ncopy () # $1 is a source, $2 is a destination\n{\n    test $# -eq 2\n    assert $? \"copy() requires two parameters\"\n    ditto \"$1\" \"$2\"\n    assert $? \"couldn't copy $1 to $2\"\n}\n\nrequire () # $1 is a SFML module like 'system' or 'audio'\n{\n    dest=\"$BUILT_PRODUCTS_DIR/$PRODUCT_NAME.app/Contents/Frameworks\"\n    \n    if [ -z \"$1\" ]\n    then\n        error \"require() requires one parameter!\"\n    else\n        # clean potentially old stuff\n        force_remove \"$dest/libsfml-$1.2.dylib\"\n        force_remove \"$dest/libsfml-$1-d.2.dylib\"\n        force_remove \"$dest/sfml-$1.framework\"\n    \n        # copy SFML libraries\n        if [ \"$frameworks\" = \"true\" ]\n        then\n            copy \"/Library/Frameworks/sfml-$1.framework\" \"$dest/sfml-$1.framework\"\n        elif [ $CONFIGURATION = \"Debug\" ] && [ $SFML_LINK_DYLIBS_SUFFIX_DEBUG != \"\" ]\n        then\n            copy \"/usr/local/lib/libsfml-$1-d.2.dylib\" \"$dest/libsfml-$1-d.2.dylib\"\n        else\n            copy \"/usr/local/lib/libsfml-$1.2.dylib\" \"$dest/libsfml-$1.2.dylib\"\n        fi\n        \n        if [ \"$1\" = \"audio\" ]\n        then\n            # copy sndfile framework too\n            copy \"/Library/Frameworks/sndfile.framework\" \"$dest/sndfile.framework\"\n        fi\n\n        if [ \"$1\" = \"graphics\" ]\n        then\n            # copy freetype framework too\n            copy \"/Library/Frameworks/freetype.framework\" \"$dest/freetype.framework\"\n        fi\n    fi\n}\n\nif [ -n \"$SFML_SYSTEM\" ]\nthen\n    require \"system\"\nfi\n\nif [ -n \"$SFML_AUDIO\" ]\nthen\n    require \"audio\"\nfi\n\nif [ -n \"$SFML_NETWORK\" ]\nthen\n    require \"network\"\nfi\n\nif [ -n \"$SFML_WINDOW\" ]\nthen\n    require \"window\"\nfi\n\nif [ -n \"$SFML_GRAPHICS\" ]\nthen\n    require \"graphics\"\nfi\n\n                ";
		};
/* End PBXShellScriptBuildPhase section */

/* Begin PBXSourcesBuildPhase section */
		4B6E99F4170EC8DF002F9797 /* Sources */ = {
			isa = PBXSourcesBuildPhase;
			buildActionMask = 2147483647;
			files = (
				4B6E99FB170EC8DF002F9797 /* main.cpp in Sources */,
				4B6E9A03170ECCD3002F9797 /* Projection.cpp in Sources */,
			);
			runOnlyForDeploymentPostprocessing = 0;
		};
		4BDA14A516F7796700359B94 /* Sources */ = {
			isa = PBXSourcesBuildPhase;
			buildActionMask = 2147483647;
			files = (
				4BDA14B016F7796700359B94 /* ResourcePath.mm in Sources */,
				4BDA14B316F7796700359B94 /* main.cpp in Sources */,
				4BDA14C516F7799A00359B94 /* Scene.cpp in Sources */,
				4BDA14C816F779C300359B94 /* Core.cpp in Sources */,
				4BDA14CB16F77B4600359B94 /* Component.cpp in Sources */,
				4BDA14CE16F77B5900359B94 /* Entity.cpp in Sources */,
				4B62A25016F8673400016A62 /* SubSystem.cpp in Sources */,
				4BC25A2716F86B7C00B36B1E /* RenderComponent.cpp in Sources */,
				4BC25A2B16F86C7700B36B1E /* RenderSystem.cpp in Sources */,
				4BC25A5016F885AB00B36B1E /* TransformComponent.cpp in Sources */,
				4BC25A5316F885F200B36B1E /* TransformSystem.cpp in Sources */,
				4B68153216F8A0000032EF5E /* Event.cpp in Sources */,
				4B68153516F8C6C40032EF5E /* PhysicsSystem.cpp in Sources */,
				4B68153B16F8C72B0032EF5E /* PhysicsComponent.cpp in Sources */,
				4BB7881516F9E3A200AC62F4 /* PlayerInputComponent.cpp in Sources */,
				4BB7881816F9E57000AC62F4 /* PlayerInputSystem.cpp in Sources */,
				4B900C4917004F3400D247FE /* NetworkSystem.cpp in Sources */,
				4B7C21071700B6F600C9D2A6 /* NetworkComponent.cpp in Sources */,
				4B16232E17026659008F7AE2 /* Button.cpp in Sources */,
				4B16233217026776008F7AE2 /* ConnectScene.cpp in Sources */,
				4B16233417030A9E008F7AE2 /* GUIObject.cpp in Sources */,
				4B162339170342A4008F7AE2 /* GUIEvent.cpp in Sources */,
				4BC1E0E31704DCDC007117EC /* PlayScene.cpp in Sources */,
				4BC1E0E71704DDC5007117EC /* PlayerFactory.cpp in Sources */,
				4BC1E0EC1705BE9C007117EC /* CommonFactory.cpp in Sources */,
				4BC1E0EF1705C2EB007117EC /* CameraComponent.cpp in Sources */,
				4BC1E0F21705CA52007117EC /* CameraSystem.cpp in Sources */,
				4BC1E0FD17083FE3007117EC /* BoxCollisionComponent.cpp in Sources */,
				4BC1E10017084092007117EC /* CollisionSystem.cpp in Sources */,
				4B3ABF481709854400491120 /* SphereCollisionComponent.cpp in Sources */,
				4B6E9A02170ECCD2002F9797 /* Projection.cpp in Sources */,
			);
			runOnlyForDeploymentPostprocessing = 0;
		};
/* End PBXSourcesBuildPhase section */

/* Begin XCBuildConfiguration section */
		4B6E99FE170EC8DF002F9797 /* Debug */ = {
			isa = XCBuildConfiguration;
			buildSettings = {
				ALWAYS_SEARCH_USER_PATHS = NO;
				CLANG_CXX_LANGUAGE_STANDARD = "gnu++0x";
				CLANG_CXX_LIBRARY = "libc++";
				CLANG_WARN_CONSTANT_CONVERSION = YES;
				CLANG_WARN_ENUM_CONVERSION = YES;
				CLANG_WARN_INT_CONVERSION = YES;
				COPY_PHASE_STRIP = NO;
				GCC_C_LANGUAGE_STANDARD = gnu99;
				GCC_DYNAMIC_NO_PIC = NO;
				GCC_ENABLE_OBJC_EXCEPTIONS = YES;
				GCC_SYMBOLS_PRIVATE_EXTERN = NO;
				GCC_WARN_64_TO_32_BIT_CONVERSION = YES;
				MACOSX_DEPLOYMENT_TARGET = 10.7;
				ONLY_ACTIVE_ARCH = YES;
				PRODUCT_NAME = "$(TARGET_NAME)";
				SDKROOT = macosx;
			};
			name = Debug;
		};
		4B6E99FF170EC8DF002F9797 /* Release */ = {
			isa = XCBuildConfiguration;
			buildSettings = {
				ALWAYS_SEARCH_USER_PATHS = NO;
				CLANG_CXX_LANGUAGE_STANDARD = "gnu++0x";
				CLANG_CXX_LIBRARY = "libc++";
				CLANG_WARN_CONSTANT_CONVERSION = YES;
				CLANG_WARN_ENUM_CONVERSION = YES;
				CLANG_WARN_INT_CONVERSION = YES;
				DEBUG_INFORMATION_FORMAT = "dwarf-with-dsym";
				GCC_C_LANGUAGE_STANDARD = gnu99;
				GCC_ENABLE_OBJC_EXCEPTIONS = YES;
				GCC_WARN_64_TO_32_BIT_CONVERSION = YES;
				MACOSX_DEPLOYMENT_TARGET = 10.7;
				PRODUCT_NAME = "$(TARGET_NAME)";
				SDKROOT = macosx;
			};
			name = Release;
		};
		4BDA14BD16F7796700359B94 /* Debug */ = {
			isa = XCBuildConfiguration;
			buildSettings = {
				ARCHS = "$(ARCHS_STANDARD_64_BIT)";
				CLANG_CXX_LANGUAGE_STANDARD = "c++98";
				CLANG_CXX_LIBRARY = "libstdc++";
				CLANG_WARN_EMPTY_BODY = YES;
				CLANG_WARN__DUPLICATE_METHOD_MATCH = YES;
				FRAMEWORK_SEARCH_PATHS = (
					/Library/Frameworks/,
					"$(inherited)",
				);
				GCC_OPTIMIZATION_LEVEL = 0;
				GCC_PREPROCESSOR_DEFINITIONS = (
					"DEBUG=1",
					"$(inherited)",
				);
				GCC_VERSION = com.apple.compilers.llvm.clang.1_0;
				GCC_WARN_ABOUT_RETURN_TYPE = YES;
				GCC_WARN_UNINITIALIZED_AUTOS = YES;
				GCC_WARN_UNUSED_VARIABLE = YES;
				HEADER_SEARCH_PATHS = "/usr/local/boost_1_53_0/boost/**";
				"HEADER_SEARCH_PATHS[arch=*]" = /usr/local/include/;
				LIBRARY_SEARCH_PATHS = /usr/local/lib;
				"LIBRARY_SEARCH_PATHS[arch=*]" = (
					/usr/local/lib/,
					"$(inherited)",
				);
				ONLY_ACTIVE_ARCH = NO;
				OTHER_LDFLAGS = (
					"$(inherited)",
					"$(SFML_SYSTEM)",
					"$(SFML_WINDOW)",
					"$(SFML_GRAPHICS)",
					"$(SFML_AUDIO)",
					"$(SFML_NETWORK)",
				);
				SFML_AUDIO = "$(SFML_LINK_PREFIX)sfml-audio$(SFML_LINK_SUFFIX)";
				SFML_BINARY_TYPE = FRAMEWORKS;
				SFML_GRAPHICS = "$(SFML_LINK_PREFIX)sfml-graphics$(SFML_LINK_SUFFIX)";
				SFML_LINK_DYLIBS_PREFIX = "-l";
				SFML_LINK_DYLIBS_SUFFIX = "";
				SFML_LINK_FRAMEWORKS_PREFIX = "-framework ";
				SFML_LINK_FRAMEWORKS_SUFFIX = "";
				SFML_LINK_PREFIX = "$(SFML_LINK_$(SFML_BINARY_TYPE)_PREFIX)";
				SFML_LINK_SUFFIX = "$(SFML_LINK_$(SFML_BINARY_TYPE)_SUFFIX)";
				SFML_NETWORK = "$(SFML_LINK_PREFIX)sfml-network$(SFML_LINK_SUFFIX)";
				SFML_SYSTEM = "$(SFML_LINK_PREFIX)sfml-system$(SFML_LINK_SUFFIX)";
				SFML_WINDOW = "$(SFML_LINK_PREFIX)sfml-window$(SFML_LINK_SUFFIX)";
				SUPPORTED_PLATFORMS = macosx;
				"USER_HEADER_SEARCH_PATHS[arch=*]" = ./Island/include/;
			};
			name = Debug;
		};
		4BDA14BE16F7796700359B94 /* Release */ = {
			isa = XCBuildConfiguration;
			buildSettings = {
				ARCHS = "$(ARCHS_STANDARD_64_BIT)";
				CLANG_CXX_LANGUAGE_STANDARD = "c++98";
				CLANG_CXX_LIBRARY = "libstdc++";
				CLANG_WARN_EMPTY_BODY = YES;
				CLANG_WARN__DUPLICATE_METHOD_MATCH = YES;
				COPY_PHASE_STRIP = YES;
				FRAMEWORK_SEARCH_PATHS = (
					/Library/Frameworks/,
					"$(inherited)",
				);
				GCC_VERSION = com.apple.compilers.llvm.clang.1_0;
				GCC_WARN_ABOUT_RETURN_TYPE = YES;
				GCC_WARN_UNINITIALIZED_AUTOS = YES;
				GCC_WARN_UNUSED_VARIABLE = YES;
				HEADER_SEARCH_PATHS = (
					"<Multiple",
					"values>",
					/usr/local/boost_1_53_0,
				);
				LIBRARY_SEARCH_PATHS = /usr/local/lib;
				ONLY_ACTIVE_ARCH = NO;
				OTHER_LDFLAGS = (
					"$(inherited)",
					"$(SFML_SYSTEM)",
					"$(SFML_WINDOW)",
					"$(SFML_GRAPHICS)",
					"$(SFML_AUDIO)",
					"$(SFML_NETWORK)",
				);
				SFML_AUDIO = "$(SFML_LINK_PREFIX)sfml-audio$(SFML_LINK_SUFFIX)";
				SFML_BINARY_TYPE = FRAMEWORKS;
				SFML_GRAPHICS = "$(SFML_LINK_PREFIX)sfml-graphics$(SFML_LINK_SUFFIX)";
				SFML_LINK_DYLIBS_PREFIX = "-l";
				SFML_LINK_DYLIBS_SUFFIX = "";
				SFML_LINK_FRAMEWORKS_PREFIX = "-framework ";
				SFML_LINK_FRAMEWORKS_SUFFIX = "";
				SFML_LINK_PREFIX = "$(SFML_LINK_$(SFML_BINARY_TYPE)_PREFIX)";
				SFML_LINK_SUFFIX = "$(SFML_LINK_$(SFML_BINARY_TYPE)_SUFFIX)";
				SFML_NETWORK = "$(SFML_LINK_PREFIX)sfml-network$(SFML_LINK_SUFFIX)";
				SFML_SYSTEM = "$(SFML_LINK_PREFIX)sfml-system$(SFML_LINK_SUFFIX)";
				SFML_WINDOW = "$(SFML_LINK_PREFIX)sfml-window$(SFML_LINK_SUFFIX)";
				SUPPORTED_PLATFORMS = macosx;
			};
			name = Release;
		};
		4BDA14C016F7796700359B94 /* Debug */ = {
			isa = XCBuildConfiguration;
			buildSettings = {
				CLANG_CXX_LANGUAGE_STANDARD = "compiler-default";
				CLANG_CXX_LIBRARY = "compiler-default";
				HEADER_SEARCH_PATHS = (
					/usr/local/include/,
					"$(inherited)/../include/",
				);
				"HEADER_SEARCH_PATHS[arch=*]" = /usr/local/include/;
				INFOPLIST_FILE = "$(SRCROOT)/Island/OSX/Island-Info.plist";
				LIBRARY_SEARCH_PATHS = "$(inherited)";
				PRODUCT_NAME = "$(TARGET_NAME)";
			};
			name = Debug;
		};
		4BDA14C116F7796700359B94 /* Release */ = {
			isa = XCBuildConfiguration;
			buildSettings = {
				CLANG_CXX_LANGUAGE_STANDARD = "compiler-default";
				CLANG_CXX_LIBRARY = "compiler-default";
				HEADER_SEARCH_PATHS = (
					"<Multiple",
					"values>",
					/usr/local/boost_1_53_0,
					/usr/local/include,
				);
				INFOPLIST_FILE = "$(SRCROOT)/Island/OSX/Island-Info.plist";
				LIBRARY_SEARCH_PATHS = "$(inherited)";
				PRODUCT_NAME = "$(TARGET_NAME)";
			};
			name = Release;
		};
/* End XCBuildConfiguration section */

/* Begin XCConfigurationList section */
		4B6E9A00170EC8DF002F9797 /* Build configuration list for PBXNativeTarget "UnitTests" */ = {
			isa = XCConfigurationList;
			buildConfigurations = (
				4B6E99FE170EC8DF002F9797 /* Debug */,
				4B6E99FF170EC8DF002F9797 /* Release */,
			);
			defaultConfigurationIsVisible = 0;
			defaultConfigurationName = Release;
		};
		4BDA14A416F7796700359B94 /* Build configuration list for PBXProject "Island" */ = {
			isa = XCConfigurationList;
			buildConfigurations = (
				4BDA14BD16F7796700359B94 /* Debug */,
				4BDA14BE16F7796700359B94 /* Release */,
			);
			defaultConfigurationIsVisible = 0;
			defaultConfigurationName = Release;
		};
		4BDA14BF16F7796700359B94 /* Build configuration list for PBXNativeTarget "Island" */ = {
			isa = XCConfigurationList;
			buildConfigurations = (
				4BDA14C016F7796700359B94 /* Debug */,
				4BDA14C116F7796700359B94 /* Release */,
			);
			defaultConfigurationIsVisible = 0;
			defaultConfigurationName = Release;
		};
/* End XCConfigurationList section */
	};
	rootObject = 4BDA14A116F7796700359B94 /* Project object */;
}
