
Microsoft Visual Studio Solution File, Format Version 11.00
# Visual Studio 2010
Project("{8BC9CEB8-8B4A-11D0-8D11-00A0C91BC942}") = "Island", "Island\Island.vcxproj", "{AE4E067B-177E-4EBE-91F1-99FBC3835CAF}"
EndProject
Global
	GlobalSection(SolutionConfigurationPlatforms) = preSolution
		Debug|Win32 = Debug|Win32
		Release|Win32 = Release|Win32
	EndGlobalSection
	GlobalSection(ProjectConfigurationPlatforms) = postSolution
		{AE4E067B-177E-4EBE-91F1-99FBC3835CAF}.Debug|Win32.ActiveCfg = Debug|Win32
		{AE4E067B-177E-4EBE-91F1-99FBC3835CAF}.Debug|Win32.Build.0 = Debug|Win32
		{AE4E067B-177E-4EBE-91F1-99FBC3835CAF}.Release|Win32.ActiveCfg = Release|Win32
		{AE4E067B-177E-4EBE-91F1-99FBC3835CAF}.Release|Win32.Build.0 = Release|Win32
	EndGlobalSection
	GlobalSection(SolutionProperties) = preSolution
		HideSolutionNode = FALSE
	EndGlobalSection
EndGlobal
